{
  "pins" : [
    {
      "identity" : "gltfscenekit",
      "kind" : "remoteSourceControl",
      "location" : "https://github.com/magicien/GLTFSceneKit",
      "state" : {
        "revision" : "a9587ec5c6515ee7d036533fdd909815a9a718ef",
        "version" : "0.4.1"
      }
    },
    {
      "identity" : "ios-scanner-sdk-sample",
      "kind" : "remoteSourceControl",
      "location" : "https://gitlab.com/lig-corp/ios-scanner-sdk-sample",
      "state" : {
        "revision" : "bd94c797277e6864e07c65e5ad8e46f5e9a7097e",
        "version" : "3.2.0"
      }
    }
  ],
  "version" : 2
}
