{
  "pins" : [
    {
      "identity" : "ios-scanner-sdk",
      "kind" : "remoteSourceControl",
      "location" : "https://gitlab.com/ligrd/ios-scanner-sdk",
      "state" : {
        "revision" : "94e6f0d96b5677b5676cc75381c36ea8978f78c1",
        "version" : "3.1.0"
      }
    }
  ],
  "version" : 2
}
