{
  "pins" : [
    {
      "identity" : "gltfscenekit",
      "kind" : "remoteSourceControl",
      "location" : "https://github.com/magicien/GLTFSceneKit",
      "state" : {
        "revision" : "a9587ec5c6515ee7d036533fdd909815a9a718ef",
        "version" : "0.4.1"
      }
    },
    {
      "identity" : "ios-scanner-sdk-sample",
      "kind" : "remoteSourceControl",
      "location" : "https://gitlab.com/lig-corp/ios-scanner-sdk-sample",
      "state" : {
        "revision" : "c8eaf302a5cf386aac6483ef53dc935fdf898e94",
        "version" : "3.3.0"
      }
    }
  ],
  "version" : 2
}
